
Microsoft Visual Studio Solution File, Format Version 12.00
# Visual Studio Version 17
VisualStudioVersion = 17.11.35327.3
MinimumVisualStudioVersion = 10.0.40219.1
Project("{FAE04EC0-301F-11D3-BF4B-00C04F79EFBC}") = "ThumbsUpGroceries-backend", "ThumbsUpGroceries-backend.csproj", "{774D530B-5D71-4CE7-9DB6-93D905848694}"
EndProject
Global
	GlobalSection(SolutionConfigurationPlatforms) = preSolution
		Debug|Any CPU = Debug|Any CPU
		Release|Any CPU = Release|Any CPU
	EndGlobalSection
	GlobalSection(ProjectConfigurationPlatforms) = postSolution
		{774D530B-5D71-4CE7-9DB6-93D905848694}.Debug|Any CPU.ActiveCfg = Debug|Any CPU
		{774D530B-5D71-4CE7-9DB6-93D905848694}.Debug|Any CPU.Build.0 = Debug|Any CPU
		{774D530B-5D71-4CE7-9DB6-93D905848694}.Release|Any CPU.ActiveCfg = Release|Any CPU
		{774D530B-5D71-4CE7-9DB6-93D905848694}.Release|Any CPU.Build.0 = Release|Any CPU
	EndGlobalSection
	GlobalSection(SolutionProperties) = preSolution
		HideSolutionNode = FALSE
	EndGlobalSection
	GlobalSection(ExtensibilityGlobals) = postSolution
		SolutionGuid = {52FDD5DA-6E0B-47B7-ACA8-2800AF205D05}
	EndGlobalSection
EndGlobal
